
Microsoft Visual Studio Solution File, Format Version 12.00
# Visual Studio Version 17
VisualStudioVersion = 17.5.33414.496
MinimumVisualStudioVersion = 10.0.40219.1
Project("{9A19103F-16F7-4668-BE54-9A1E7A4F7556}") = "BackendTestTask.API", "BackendTestTask.API\BackendTestTask.API.csproj", "{29E90858-25D5-429B-92BE-121161A4101A}"
EndProject
Project("{9A19103F-16F7-4668-BE54-9A1E7A4F7556}") = "BackendTestTask.Services", "BackendTestTask.Services\BackendTestTask.Services.csproj", "{D0FBE666-78BA-42EE-A964-32210F3D9411}"
EndProject
Project("{9A19103F-16F7-4668-BE54-9A1E7A4F7556}") = "BackendTestTask.Database", "BackendTestTask.Database\BackendTestTask.Database.csproj", "{20A5B3F6-7940-4ADF-9959-30FA43C8BA30}"
EndProject
Project("{9A19103F-16F7-4668-BE54-9A1E7A4F7556}") = "BackendTestTask.AspNetExtensions", "BackendTestTask.AspNetExtensions\BackendTestTask.AspNetExtensions.csproj", "{6FFFEC08-E492-4FED-AA11-7F7E4C8B172C}"
EndProject
Project("{9A19103F-16F7-4668-BE54-9A1E7A4F7556}") = "BackendTestTask.UserContext", "BackendTestTask.UserContext\BackendTestTask.UserContext.csproj", "{225803F2-B12C-4B13-97B1-5A9430262661}"
EndProject
Project("{9A19103F-16F7-4668-BE54-9A1E7A4F7556}") = "BackendTestTask.Common", "BackendTestTask.Common\BackendTestTask.Common.csproj", "{02B63FC1-2501-40BB-891A-2186BDA1CC26}"
EndProject
Project("{FAE04EC0-301F-11D3-BF4B-00C04F79EFBC}") = "BackendTestTask.Database.Migrations", "BackendTestTask.Database.Migrations\BackendTestTask.Database.Migrations.csproj", "{C0402D76-C738-481A-94EF-7BB5FE406B3A}"
EndProject
Global
	GlobalSection(SolutionConfigurationPlatforms) = preSolution
		Debug|Any CPU = Debug|Any CPU
		Release|Any CPU = Release|Any CPU
	EndGlobalSection
	GlobalSection(ProjectConfigurationPlatforms) = postSolution
		{29E90858-25D5-429B-92BE-121161A4101A}.Debug|Any CPU.ActiveCfg = Debug|Any CPU
		{29E90858-25D5-429B-92BE-121161A4101A}.Debug|Any CPU.Build.0 = Debug|Any CPU
		{29E90858-25D5-429B-92BE-121161A4101A}.Release|Any CPU.ActiveCfg = Release|Any CPU
		{29E90858-25D5-429B-92BE-121161A4101A}.Release|Any CPU.Build.0 = Release|Any CPU
		{D0FBE666-78BA-42EE-A964-32210F3D9411}.Debug|Any CPU.ActiveCfg = Debug|Any CPU
		{D0FBE666-78BA-42EE-A964-32210F3D9411}.Debug|Any CPU.Build.0 = Debug|Any CPU
		{D0FBE666-78BA-42EE-A964-32210F3D9411}.Release|Any CPU.ActiveCfg = Release|Any CPU
		{D0FBE666-78BA-42EE-A964-32210F3D9411}.Release|Any CPU.Build.0 = Release|Any CPU
		{20A5B3F6-7940-4ADF-9959-30FA43C8BA30}.Debug|Any CPU.ActiveCfg = Debug|Any CPU
		{20A5B3F6-7940-4ADF-9959-30FA43C8BA30}.Debug|Any CPU.Build.0 = Debug|Any CPU
		{20A5B3F6-7940-4ADF-9959-30FA43C8BA30}.Release|Any CPU.ActiveCfg = Release|Any CPU
		{20A5B3F6-7940-4ADF-9959-30FA43C8BA30}.Release|Any CPU.Build.0 = Release|Any CPU
		{6FFFEC08-E492-4FED-AA11-7F7E4C8B172C}.Debug|Any CPU.ActiveCfg = Debug|Any CPU
		{6FFFEC08-E492-4FED-AA11-7F7E4C8B172C}.Debug|Any CPU.Build.0 = Debug|Any CPU
		{6FFFEC08-E492-4FED-AA11-7F7E4C8B172C}.Release|Any CPU.ActiveCfg = Release|Any CPU
		{6FFFEC08-E492-4FED-AA11-7F7E4C8B172C}.Release|Any CPU.Build.0 = Release|Any CPU
		{225803F2-B12C-4B13-97B1-5A9430262661}.Debug|Any CPU.ActiveCfg = Debug|Any CPU
		{225803F2-B12C-4B13-97B1-5A9430262661}.Debug|Any CPU.Build.0 = Debug|Any CPU
		{225803F2-B12C-4B13-97B1-5A9430262661}.Release|Any CPU.ActiveCfg = Release|Any CPU
		{225803F2-B12C-4B13-97B1-5A9430262661}.Release|Any CPU.Build.0 = Release|Any CPU
		{02B63FC1-2501-40BB-891A-2186BDA1CC26}.Debug|Any CPU.ActiveCfg = Debug|Any CPU
		{02B63FC1-2501-40BB-891A-2186BDA1CC26}.Debug|Any CPU.Build.0 = Debug|Any CPU
		{02B63FC1-2501-40BB-891A-2186BDA1CC26}.Release|Any CPU.ActiveCfg = Release|Any CPU
		{02B63FC1-2501-40BB-891A-2186BDA1CC26}.Release|Any CPU.Build.0 = Release|Any CPU
		{C0402D76-C738-481A-94EF-7BB5FE406B3A}.Debug|Any CPU.ActiveCfg = Debug|Any CPU
		{C0402D76-C738-481A-94EF-7BB5FE406B3A}.Debug|Any CPU.Build.0 = Debug|Any CPU
		{C0402D76-C738-481A-94EF-7BB5FE406B3A}.Release|Any CPU.ActiveCfg = Release|Any CPU
		{C0402D76-C738-481A-94EF-7BB5FE406B3A}.Release|Any CPU.Build.0 = Release|Any CPU
	EndGlobalSection
	GlobalSection(SolutionProperties) = preSolution
		HideSolutionNode = FALSE
	EndGlobalSection
	GlobalSection(ExtensibilityGlobals) = postSolution
		SolutionGuid = {3011EFA4-812B-4996-990F-A9F11D6E8152}
	EndGlobalSection
EndGlobal
